
Microsoft Visual Studio Solution File, Format Version 12.00
# Visual Studio Version 16
VisualStudioVersion = 16.0.31019.35
MinimumVisualStudioVersion = 10.0.40219.1
Project("{FAE04EC0-301F-11D3-BF4B-00C04F79EFBC}") = "chess", "chess\chess.csproj", "{114CF30D-E462-4F51-AAE9-F42880E3762D}"
EndProject
Global
	GlobalSection(SolutionConfigurationPlatforms) = preSolution
		Debug|Any CPU = Debug|Any CPU
		Release|Any CPU = Release|Any CPU
	EndGlobalSection
	GlobalSection(ProjectConfigurationPlatforms) = postSolution
		{114CF30D-E462-4F51-AAE9-F42880E3762D}.Debug|Any CPU.ActiveCfg = Debug|Any CPU
		{114CF30D-E462-4F51-AAE9-F42880E3762D}.Debug|Any CPU.Build.0 = Debug|Any CPU
		{114CF30D-E462-4F51-AAE9-F42880E3762D}.Release|Any CPU.ActiveCfg = Release|Any CPU
		{114CF30D-E462-4F51-AAE9-F42880E3762D}.Release|Any CPU.Build.0 = Release|Any CPU
	EndGlobalSection
	GlobalSection(SolutionProperties) = preSolution
		HideSolutionNode = FALSE
	EndGlobalSection
	GlobalSection(ExtensibilityGlobals) = postSolution
		SolutionGuid = {E5F70162-0C70-4D8A-9733-A4912D7C3D90}
	EndGlobalSection
EndGlobal
